
Microsoft Visual Studio Solution File, Format Version 12.00
# Visual Studio Version 17
VisualStudioVersion = 17.14.36203.30 d17.14
MinimumVisualStudioVersion = 10.0.40219.1
Project("{FAE04EC0-301F-11D3-BF4B-00C04F79EFBC}") = "MovieManagement.API", "MovieManagement.API.csproj", "{91F55F55-E2A7-4496-8091-A887C916E466}"
EndProject
Global
	GlobalSection(SolutionConfigurationPlatforms) = preSolution
		Debug|Any CPU = Debug|Any CPU
		Release|Any CPU = Release|Any CPU
	EndGlobalSection
	GlobalSection(ProjectConfigurationPlatforms) = postSolution
		{91F55F55-E2A7-4496-8091-A887C916E466}.Debug|Any CPU.ActiveCfg = Debug|Any CPU
		{91F55F55-E2A7-4496-8091-A887C916E466}.Debug|Any CPU.Build.0 = Debug|Any CPU
		{91F55F55-E2A7-4496-8091-A887C916E466}.Release|Any CPU.ActiveCfg = Release|Any CPU
		{91F55F55-E2A7-4496-8091-A887C916E466}.Release|Any CPU.Build.0 = Release|Any CPU
	EndGlobalSection
	GlobalSection(SolutionProperties) = preSolution
		HideSolutionNode = FALSE
	EndGlobalSection
	GlobalSection(ExtensibilityGlobals) = postSolution
		SolutionGuid = {0A36D61F-3FD8-43AA-BD74-5385AA8729E6}
	EndGlobalSection
EndGlobal
